
Microsoft Visual Studio Solution File, Format Version 12.00
# Visual Studio 2013
VisualStudioVersion = 12.0.21005.1
MinimumVisualStudioVersion = 10.0.40219.1
Project("{FAE04EC0-301F-11D3-BF4B-00C04F79EFBC}") = "Attributes", "Attributes\Attributes.csproj", "{FD4C513C-5D3E-473E-BFEA-53F25E3E61FB}"
EndProject
Global
	GlobalSection(SolutionConfigurationPlatforms) = preSolution
		Debug|Any CPU = Debug|Any CPU
		Release|Any CPU = Release|Any CPU
	EndGlobalSection
	GlobalSection(ProjectConfigurationPlatforms) = postSolution
		{FD4C513C-5D3E-473E-BFEA-53F25E3E61FB}.Debug|Any CPU.ActiveCfg = Debug|Any CPU
		{FD4C513C-5D3E-473E-BFEA-53F25E3E61FB}.Debug|Any CPU.Build.0 = Debug|Any CPU
		{FD4C513C-5D3E-473E-BFEA-53F25E3E61FB}.Release|Any CPU.ActiveCfg = Release|Any CPU
		{FD4C513C-5D3E-473E-BFEA-53F25E3E61FB}.Release|Any CPU.Build.0 = Release|Any CPU
	EndGlobalSection
	GlobalSection(SolutionProperties) = preSolution
		HideSolutionNode = FALSE
	EndGlobalSection
EndGlobal
